{
  "name": "Vinear",
  "lockfileVersion": 3,
  "requires": true,
  "packages": {
    "": {
      "dependencies": {
        "@zegocloud/zego-uikit-prebuilt": "^2.15.1",
        "uuid": "^11.1.0"
      }
    },
    "node_modules/@zegocloud/zego-uikit-prebuilt": {
      "version": "2.15.1",
      "resolved": "https://registry.npmjs.org/@zegocloud/zego-uikit-prebuilt/-/zego-uikit-prebuilt-2.15.1.tgz",
      "integrity": "sha512-BYghDOdK65fSz9M1Y/kSitJSd2mvF4xRvUuESr+V9022QkfU1Ik3TzznB1ynNwBpHHxgLpe4RFIENylSGqeQ1A==",
      "license": "ISC"
    },
    "node_modules/uuid": {
      "version": "11.1.0",
      "resolved": "https://registry.npmjs.org/uuid/-/uuid-11.1.0.tgz",
      "integrity": "sha512-0/A9rDy9P7cJ+8w1c9WD9V//9Wj15Ce2MPz8Ri6032usz+NfePxx5AcN3bN+r6ZL6jEo066/yNYB3tn4pQEx+A==",
      "funding": [
        "https://github.com/sponsors/broofa",
        "https://github.com/sponsors/ctavan"
      ],
      "license": "MIT",
      "bin": {
        "uuid": "dist/esm/bin/uuid"
      }
    }
  }
}
